
Microsoft Visual Studio Solution File, Format Version 12.00
# Visual Studio 15
Project("{FAE04EC0-301F-11D3-BF4B-00C04F79EFBC}") = "Assembly-CSharp", "Assembly-CSharp.csproj", "{AEB59BAE-DE22-EEF3-1557-A5BB93B629D6}"
EndProject
Project("{FAE04EC0-301F-11D3-BF4B-00C04F79EFBC}") = "Assembly-CSharp-Editor", "Assembly-CSharp-Editor.csproj", "{8E366BBA-ED11-5ED4-8053-B0A204D2E21D}"
EndProject
Global
	GlobalSection(SolutionConfigurationPlatforms) = preSolution
		Debug|Any CPU = Debug|Any CPU
		Release|Any CPU = Release|Any CPU
	EndGlobalSection
	GlobalSection(ProjectConfigurationPlatforms) = postSolution
		{AEB59BAE-DE22-EEF3-1557-A5BB93B629D6}.Debug|Any CPU.ActiveCfg = Debug|Any CPU
		{AEB59BAE-DE22-EEF3-1557-A5BB93B629D6}.Debug|Any CPU.Build.0 = Debug|Any CPU
		{AEB59BAE-DE22-EEF3-1557-A5BB93B629D6}.Release|Any CPU.ActiveCfg = Release|Any CPU
		{AEB59BAE-DE22-EEF3-1557-A5BB93B629D6}.Release|Any CPU.Build.0 = Release|Any CPU
		{8E366BBA-ED11-5ED4-8053-B0A204D2E21D}.Debug|Any CPU.ActiveCfg = Debug|Any CPU
		{8E366BBA-ED11-5ED4-8053-B0A204D2E21D}.Debug|Any CPU.Build.0 = Debug|Any CPU
		{8E366BBA-ED11-5ED4-8053-B0A204D2E21D}.Release|Any CPU.ActiveCfg = Release|Any CPU
		{8E366BBA-ED11-5ED4-8053-B0A204D2E21D}.Release|Any CPU.Build.0 = Release|Any CPU
	EndGlobalSection
	GlobalSection(SolutionProperties) = preSolution
		HideSolutionNode = FALSE
	EndGlobalSection
EndGlobal
